// !$*UTF8*$!
{
	archiveVersion = 1;
	classes = {
	};
	objectVersion = 55;
	objects = {

/* Begin PBXBuildFile section */
		9A015E862795D87600F97DCE /* ListsApp.swift in Sources */ = {isa = PBXBuildFile; fileRef = 9A015E852795D87600F97DCE /* ListsApp.swift */; };
		9A015E882795D87600F97DCE /* ContentView.swift in Sources */ = {isa = PBXBuildFile; fileRef = 9A015E872795D87600F97DCE /* ContentView.swift */; };
		9A015E8A2795D87900F97DCE /* Assets.xcassets in Resources */ = {isa = PBXBuildFile; fileRef = 9A015E892795D87900F97DCE /* Assets.xcassets */; };
		9A015E8D2795D87900F97DCE /* Preview Assets.xcassets in Resources */ = {isa = PBXBuildFile; fileRef = 9A015E8C2795D87900F97DCE /* Preview Assets.xcassets */; };
		9A015E992795D8EB00F97DCE /* AuthenticationView.swift in Sources */ = {isa = PBXBuildFile; fileRef = 9A015E982795D8EB00F97DCE /* AuthenticationView.swift */; };
		9A015EA02795D95E00F97DCE /* ProfileView.swift in Sources */ = {isa = PBXBuildFile; fileRef = 9A015E9F2795D95E00F97DCE /* ProfileView.swift */; };
		9A015EA22795D96500F97DCE /* FeedView.swift in Sources */ = {isa = PBXBuildFile; fileRef = 9A015EA12795D96500F97DCE /* FeedView.swift */; };
		9A015EA42795D96C00F97DCE /* DiscoverView.swift in Sources */ = {isa = PBXBuildFile; fileRef = 9A015EA32795D96C00F97DCE /* DiscoverView.swift */; };
		9A015EA82795E0CB00F97DCE /* HeaderView.swift in Sources */ = {isa = PBXBuildFile; fileRef = 9A015EA72795E0CB00F97DCE /* HeaderView.swift */; };
		9A015EAC2795E4BB00F97DCE /* RankingView.swift in Sources */ = {isa = PBXBuildFile; fileRef = 9A015EAB2795E4BB00F97DCE /* RankingView.swift */; };
		9A015EAE2795E52200F97DCE /* RankingHeaderView.swift in Sources */ = {isa = PBXBuildFile; fileRef = 9A015EAD2795E52200F97DCE /* RankingHeaderView.swift */; };
		9A015EB02795E53500F97DCE /* RankingImagesView.swift in Sources */ = {isa = PBXBuildFile; fileRef = 9A015EAF2795E53500F97DCE /* RankingImagesView.swift */; };
		9A015EB22795E53E00F97DCE /* RankingFooterView.swift in Sources */ = {isa = PBXBuildFile; fileRef = 9A015EB12795E53E00F97DCE /* RankingFooterView.swift */; };
		9A015EB42795E99E00F97DCE /* Rankable.swift in Sources */ = {isa = PBXBuildFile; fileRef = 9A015EB32795E99E00F97DCE /* Rankable.swift */; };
		9A015EB62795EA3D00F97DCE /* RankableSingleImageView.swift in Sources */ = {isa = PBXBuildFile; fileRef = 9A015EB52795EA3D00F97DCE /* RankableSingleImageView.swift */; };
		9A015EBA2795F32F00F97DCE /* OtherUsersCircleView.swift in Sources */ = {isa = PBXBuildFile; fileRef = 9A015EB92795F32F00F97DCE /* OtherUsersCircleView.swift */; };
		9A015EBE2795FDA800F97DCE /* Post.swift in Sources */ = {isa = PBXBuildFile; fileRef = 9A015EBD2795FDA800F97DCE /* Post.swift */; };
		9A015EC12795FF4A00F97DCE /* CodableBundleExtension.swift in Sources */ = {isa = PBXBuildFile; fileRef = 9A015EC02795FF4A00F97DCE /* CodableBundleExtension.swift */; };
		9A015EC327961CED00F97DCE /* ProfileHeadingView.swift in Sources */ = {isa = PBXBuildFile; fileRef = 9A015EC227961CED00F97DCE /* ProfileHeadingView.swift */; };
		9A9A4DA3279C3118008236FB /* HorizontalLikeCounter.swift in Sources */ = {isa = PBXBuildFile; fileRef = 9A9A4DA2279C3118008236FB /* HorizontalLikeCounter.swift */; };
		9A9A4DA7279C4469008236FB /* FullPostView.swift in Sources */ = {isa = PBXBuildFile; fileRef = 9A9A4DA6279C4469008236FB /* FullPostView.swift */; };
		9A9A4DA9279C4626008236FB /* FullPostImagesView.swift in Sources */ = {isa = PBXBuildFile; fileRef = 9A9A4DA8279C4626008236FB /* FullPostImagesView.swift */; };
		9A9A4DAB279C462F008236FB /* FullPostCommentsView.swift in Sources */ = {isa = PBXBuildFile; fileRef = 9A9A4DAA279C462F008236FB /* FullPostCommentsView.swift */; };
		9A9A4DAF279C80E8008236FB /* SignInWIthEmail.swift in Sources */ = {isa = PBXBuildFile; fileRef = 9A9A4DAE279C80E8008236FB /* SignInWIthEmail.swift */; };
		9AD23F2D2796206E0006352B /* ProfileRankingView.swift in Sources */ = {isa = PBXBuildFile; fileRef = 9AD23F2C2796206E0006352B /* ProfileRankingView.swift */; };
		9AD23F2F279620B90006352B /* ProfileRankingHeaderView.swift in Sources */ = {isa = PBXBuildFile; fileRef = 9AD23F2E279620B90006352B /* ProfileRankingHeaderView.swift */; };
		9AD23F31279620CB0006352B /* ProfileRankingImageView.swift in Sources */ = {isa = PBXBuildFile; fileRef = 9AD23F30279620CB0006352B /* ProfileRankingImageView.swift */; };
		9AD23F33279620D50006352B /* ProfileRankingFooterView.swift in Sources */ = {isa = PBXBuildFile; fileRef = 9AD23F32279620D50006352B /* ProfileRankingFooterView.swift */; };
		9AD23F352796218C0006352B /* Profile.swift in Sources */ = {isa = PBXBuildFile; fileRef = 9AD23F342796218C0006352B /* Profile.swift */; };
		9AD23F37279621D90006352B /* profiles.json in Resources */ = {isa = PBXBuildFile; fileRef = 9AD23F36279621D90006352B /* profiles.json */; };
		9AD23F39279630A10006352B /* Constant.swift in Sources */ = {isa = PBXBuildFile; fileRef = 9AD23F38279630A10006352B /* Constant.swift */; };
		9AD23F3B2796414D0006352B /* LikeableRankingView.swift in Sources */ = {isa = PBXBuildFile; fileRef = 9AD23F3A2796414D0006352B /* LikeableRankingView.swift */; };
		9AD23F3D279642A10006352B /* discover.json in Resources */ = {isa = PBXBuildFile; fileRef = 9AD23F3C279642A10006352B /* discover.json */; };
		9AD23F3F279645220006352B /* VerticalLikeCounter.swift in Sources */ = {isa = PBXBuildFile; fileRef = 9AD23F3E279645220006352B /* VerticalLikeCounter.swift */; };
		9AD23F412796EB7F0006352B /* CommentsView.swift in Sources */ = {isa = PBXBuildFile; fileRef = 9AD23F402796EB7F0006352B /* CommentsView.swift */; };
		9AD23F432796EEC10006352B /* CommentListView.swift in Sources */ = {isa = PBXBuildFile; fileRef = 9AD23F422796EEC10006352B /* CommentListView.swift */; };
		9AD23F45279709D40006352B /* Comment.swift in Sources */ = {isa = PBXBuildFile; fileRef = 9AD23F44279709D40006352B /* Comment.swift */; };
		9AD23F4727974D150006352B /* CreatePostView.swift in Sources */ = {isa = PBXBuildFile; fileRef = 9AD23F4627974D150006352B /* CreatePostView.swift */; };
		9AD23F4927975AC10006352B /* MainRankingView.swift in Sources */ = {isa = PBXBuildFile; fileRef = 9AD23F4827975AC10006352B /* MainRankingView.swift */; };
		9AD23F4F27975BE70006352B /* ExpandedRankingView.swift in Sources */ = {isa = PBXBuildFile; fileRef = 9AD23F4E27975BE70006352B /* ExpandedRankingView.swift */; };
		9AD23F51279779660006352B /* ExpandedRankingImagesView.swift in Sources */ = {isa = PBXBuildFile; fileRef = 9AD23F50279779660006352B /* ExpandedRankingImagesView.swift */; };
/* End PBXBuildFile section */

/* Begin PBXFileReference section */
		9A015E822795D87600F97DCE /* Lists.app */ = {isa = PBXFileReference; explicitFileType = wrapper.application; includeInIndex = 0; path = Lists.app; sourceTree = BUILT_PRODUCTS_DIR; };
		9A015E852795D87600F97DCE /* ListsApp.swift */ = {isa = PBXFileReference; lastKnownFileType = sourcecode.swift; path = ListsApp.swift; sourceTree = "<group>"; };
		9A015E872795D87600F97DCE /* ContentView.swift */ = {isa = PBXFileReference; lastKnownFileType = sourcecode.swift; path = ContentView.swift; sourceTree = "<group>"; };
		9A015E892795D87900F97DCE /* Assets.xcassets */ = {isa = PBXFileReference; lastKnownFileType = folder.assetcatalog; path = Assets.xcassets; sourceTree = "<group>"; };
		9A015E8C2795D87900F97DCE /* Preview Assets.xcassets */ = {isa = PBXFileReference; lastKnownFileType = folder.assetcatalog; path = "Preview Assets.xcassets"; sourceTree = "<group>"; };
		9A015E982795D8EB00F97DCE /* AuthenticationView.swift */ = {isa = PBXFileReference; lastKnownFileType = sourcecode.swift; path = AuthenticationView.swift; sourceTree = "<group>"; };
		9A015E9F2795D95E00F97DCE /* ProfileView.swift */ = {isa = PBXFileReference; lastKnownFileType = sourcecode.swift; path = ProfileView.swift; sourceTree = "<group>"; };
		9A015EA12795D96500F97DCE /* FeedView.swift */ = {isa = PBXFileReference; lastKnownFileType = sourcecode.swift; path = FeedView.swift; sourceTree = "<group>"; };
		9A015EA32795D96C00F97DCE /* DiscoverView.swift */ = {isa = PBXFileReference; lastKnownFileType = sourcecode.swift; path = DiscoverView.swift; sourceTree = "<group>"; };
		9A015EA72795E0CB00F97DCE /* HeaderView.swift */ = {isa = PBXFileReference; lastKnownFileType = sourcecode.swift; path = HeaderView.swift; sourceTree = "<group>"; };
		9A015EAB2795E4BB00F97DCE /* RankingView.swift */ = {isa = PBXFileReference; lastKnownFileType = sourcecode.swift; path = RankingView.swift; sourceTree = "<group>"; };
		9A015EAD2795E52200F97DCE /* RankingHeaderView.swift */ = {isa = PBXFileReference; lastKnownFileType = sourcecode.swift; path = RankingHeaderView.swift; sourceTree = "<group>"; };
		9A015EAF2795E53500F97DCE /* RankingImagesView.swift */ = {isa = PBXFileReference; lastKnownFileType = sourcecode.swift; path = RankingImagesView.swift; sourceTree = "<group>"; };
		9A015EB12795E53E00F97DCE /* RankingFooterView.swift */ = {isa = PBXFileReference; lastKnownFileType = sourcecode.swift; path = RankingFooterView.swift; sourceTree = "<group>"; };
		9A015EB32795E99E00F97DCE /* Rankable.swift */ = {isa = PBXFileReference; lastKnownFileType = sourcecode.swift; path = Rankable.swift; sourceTree = "<group>"; };
		9A015EB52795EA3D00F97DCE /* RankableSingleImageView.swift */ = {isa = PBXFileReference; lastKnownFileType = sourcecode.swift; path = RankableSingleImageView.swift; sourceTree = "<group>"; };
		9A015EB92795F32F00F97DCE /* OtherUsersCircleView.swift */ = {isa = PBXFileReference; lastKnownFileType = sourcecode.swift; path = OtherUsersCircleView.swift; sourceTree = "<group>"; };
		9A015EBD2795FDA800F97DCE /* Post.swift */ = {isa = PBXFileReference; lastKnownFileType = sourcecode.swift; path = Post.swift; sourceTree = "<group>"; };
		9A015EC02795FF4A00F97DCE /* CodableBundleExtension.swift */ = {isa = PBXFileReference; lastKnownFileType = sourcecode.swift; path = CodableBundleExtension.swift; sourceTree = "<group>"; };
		9A015EC227961CED00F97DCE /* ProfileHeadingView.swift */ = {isa = PBXFileReference; lastKnownFileType = sourcecode.swift; path = ProfileHeadingView.swift; sourceTree = "<group>"; };
		9A9A4DA2279C3118008236FB /* HorizontalLikeCounter.swift */ = {isa = PBXFileReference; lastKnownFileType = sourcecode.swift; path = HorizontalLikeCounter.swift; sourceTree = "<group>"; };
		9A9A4DA6279C4469008236FB /* FullPostView.swift */ = {isa = PBXFileReference; lastKnownFileType = sourcecode.swift; path = FullPostView.swift; sourceTree = "<group>"; };
		9A9A4DA8279C4626008236FB /* FullPostImagesView.swift */ = {isa = PBXFileReference; lastKnownFileType = sourcecode.swift; path = FullPostImagesView.swift; sourceTree = "<group>"; };
		9A9A4DAA279C462F008236FB /* FullPostCommentsView.swift */ = {isa = PBXFileReference; lastKnownFileType = sourcecode.swift; path = FullPostCommentsView.swift; sourceTree = "<group>"; };
		9A9A4DAE279C80E8008236FB /* SignInWIthEmail.swift */ = {isa = PBXFileReference; lastKnownFileType = sourcecode.swift; path = SignInWIthEmail.swift; sourceTree = "<group>"; };
		9AD23F2C2796206E0006352B /* ProfileRankingView.swift */ = {isa = PBXFileReference; lastKnownFileType = sourcecode.swift; path = ProfileRankingView.swift; sourceTree = "<group>"; };
		9AD23F2E279620B90006352B /* ProfileRankingHeaderView.swift */ = {isa = PBXFileReference; lastKnownFileType = sourcecode.swift; path = ProfileRankingHeaderView.swift; sourceTree = "<group>"; };
		9AD23F30279620CB0006352B /* ProfileRankingImageView.swift */ = {isa = PBXFileReference; lastKnownFileType = sourcecode.swift; path = ProfileRankingImageView.swift; sourceTree = "<group>"; };
		9AD23F32279620D50006352B /* ProfileRankingFooterView.swift */ = {isa = PBXFileReference; lastKnownFileType = sourcecode.swift; path = ProfileRankingFooterView.swift; sourceTree = "<group>"; };
		9AD23F342796218C0006352B /* Profile.swift */ = {isa = PBXFileReference; lastKnownFileType = sourcecode.swift; path = Profile.swift; sourceTree = "<group>"; };
		9AD23F36279621D90006352B /* profiles.json */ = {isa = PBXFileReference; lastKnownFileType = text.json; path = profiles.json; sourceTree = "<group>"; };
		9AD23F38279630A10006352B /* Constant.swift */ = {isa = PBXFileReference; lastKnownFileType = sourcecode.swift; path = Constant.swift; sourceTree = "<group>"; };
		9AD23F3A2796414D0006352B /* LikeableRankingView.swift */ = {isa = PBXFileReference; lastKnownFileType = sourcecode.swift; path = LikeableRankingView.swift; sourceTree = "<group>"; };
		9AD23F3C279642A10006352B /* discover.json */ = {isa = PBXFileReference; lastKnownFileType = text.json; path = discover.json; sourceTree = "<group>"; };
		9AD23F3E279645220006352B /* VerticalLikeCounter.swift */ = {isa = PBXFileReference; lastKnownFileType = sourcecode.swift; path = VerticalLikeCounter.swift; sourceTree = "<group>"; };
		9AD23F402796EB7F0006352B /* CommentsView.swift */ = {isa = PBXFileReference; lastKnownFileType = sourcecode.swift; path = CommentsView.swift; sourceTree = "<group>"; };
		9AD23F422796EEC10006352B /* CommentListView.swift */ = {isa = PBXFileReference; lastKnownFileType = sourcecode.swift; path = CommentListView.swift; sourceTree = "<group>"; };
		9AD23F44279709D40006352B /* Comment.swift */ = {isa = PBXFileReference; lastKnownFileType = sourcecode.swift; path = Comment.swift; sourceTree = "<group>"; };
		9AD23F4627974D150006352B /* CreatePostView.swift */ = {isa = PBXFileReference; lastKnownFileType = sourcecode.swift; path = CreatePostView.swift; sourceTree = "<group>"; };
		9AD23F4827975AC10006352B /* MainRankingView.swift */ = {isa = PBXFileReference; lastKnownFileType = sourcecode.swift; path = MainRankingView.swift; sourceTree = "<group>"; };
		9AD23F4E27975BE70006352B /* ExpandedRankingView.swift */ = {isa = PBXFileReference; lastKnownFileType = sourcecode.swift; path = ExpandedRankingView.swift; sourceTree = "<group>"; };
		9AD23F50279779660006352B /* ExpandedRankingImagesView.swift */ = {isa = PBXFileReference; lastKnownFileType = sourcecode.swift; path = ExpandedRankingImagesView.swift; sourceTree = "<group>"; };
/* End PBXFileReference section */

/* Begin PBXFrameworksBuildPhase section */
		9A015E7F2795D87600F97DCE /* Frameworks */ = {
			isa = PBXFrameworksBuildPhase;
			buildActionMask = 2147483647;
			files = (
			);
			runOnlyForDeploymentPostprocessing = 0;
		};
/* End PBXFrameworksBuildPhase section */

/* Begin PBXGroup section */
		9A015E792795D87600F97DCE = {
			isa = PBXGroup;
			children = (
				9A015E842795D87600F97DCE /* Lists */,
				9A015E832795D87600F97DCE /* Products */,
			);
			sourceTree = "<group>";
		};
		9A015E832795D87600F97DCE /* Products */ = {
			isa = PBXGroup;
			children = (
				9A015E822795D87600F97DCE /* Lists.app */,
			);
			name = Products;
			sourceTree = "<group>";
		};
		9A015E842795D87600F97DCE /* Lists */ = {
			isa = PBXGroup;
			children = (
				9A015EBF2795FF3D00F97DCE /* Extension */,
				9A015E9A2795D94000F97DCE /* Components */,
				9A015E972795D89600F97DCE /* Utility */,
				9A015E962795D89100F97DCE /* Data */,
				9A015E952795D88B00F97DCE /* Models */,
				9A015E942795D88700F97DCE /* Views */,
				9A015E932795D88200F97DCE /* App */,
				9A015E892795D87900F97DCE /* Assets.xcassets */,
				9A015E8B2795D87900F97DCE /* Preview Content */,
			);
			path = Lists;
			sourceTree = "<group>";
		};
		9A015E8B2795D87900F97DCE /* Preview Content */ = {
			isa = PBXGroup;
			children = (
				9A015E8C2795D87900F97DCE /* Preview Assets.xcassets */,
			);
			path = "Preview Content";
			sourceTree = "<group>";
		};
		9A015E932795D88200F97DCE /* App */ = {
			isa = PBXGroup;
			children = (
				9A015E852795D87600F97DCE /* ListsApp.swift */,
				9A015E872795D87600F97DCE /* ContentView.swift */,
				9A015E982795D8EB00F97DCE /* AuthenticationView.swift */,
			);
			path = App;
			sourceTree = "<group>";
		};
		9A015E942795D88700F97DCE /* Views */ = {
			isa = PBXGroup;
			children = (
				9A015E9F2795D95E00F97DCE /* ProfileView.swift */,
				9A015EA12795D96500F97DCE /* FeedView.swift */,
				9A015EA32795D96C00F97DCE /* DiscoverView.swift */,
				9AD23F4627974D150006352B /* CreatePostView.swift */,
			);
			path = Views;
			sourceTree = "<group>";
		};
		9A015E952795D88B00F97DCE /* Models */ = {
			isa = PBXGroup;
			children = (
				9A015EB32795E99E00F97DCE /* Rankable.swift */,
				9A015EBD2795FDA800F97DCE /* Post.swift */,
				9AD23F342796218C0006352B /* Profile.swift */,
				9AD23F44279709D40006352B /* Comment.swift */,
			);
			path = Models;
			sourceTree = "<group>";
		};
		9A015E962795D89100F97DCE /* Data */ = {
			isa = PBXGroup;
			children = (
				9AD23F36279621D90006352B /* profiles.json */,
				9AD23F3C279642A10006352B /* discover.json */,
			);
			path = Data;
			sourceTree = "<group>";
		};
		9A015E972795D89600F97DCE /* Utility */ = {
			isa = PBXGroup;
			children = (
				9AD23F38279630A10006352B /* Constant.swift */,
			);
			path = Utility;
			sourceTree = "<group>";
		};
		9A015E9A2795D94000F97DCE /* Components */ = {
			isa = PBXGroup;
			children = (
				9A015EA72795E0CB00F97DCE /* HeaderView.swift */,
				9A015EAB2795E4BB00F97DCE /* RankingView.swift */,
				9A015EAD2795E52200F97DCE /* RankingHeaderView.swift */,
				9A015EAF2795E53500F97DCE /* RankingImagesView.swift */,
				9A015EB12795E53E00F97DCE /* RankingFooterView.swift */,
				9A015EB52795EA3D00F97DCE /* RankableSingleImageView.swift */,
				9A015EB92795F32F00F97DCE /* OtherUsersCircleView.swift */,
				9A015EC227961CED00F97DCE /* ProfileHeadingView.swift */,
				9AD23F2C2796206E0006352B /* ProfileRankingView.swift */,
				9AD23F2E279620B90006352B /* ProfileRankingHeaderView.swift */,
				9AD23F30279620CB0006352B /* ProfileRankingImageView.swift */,
				9AD23F32279620D50006352B /* ProfileRankingFooterView.swift */,
				9AD23F3A2796414D0006352B /* LikeableRankingView.swift */,
				9AD23F3E279645220006352B /* VerticalLikeCounter.swift */,
				9AD23F402796EB7F0006352B /* CommentsView.swift */,
				9AD23F422796EEC10006352B /* CommentListView.swift */,
				9AD23F4827975AC10006352B /* MainRankingView.swift */,
				9AD23F4E27975BE70006352B /* ExpandedRankingView.swift */,
				9AD23F50279779660006352B /* ExpandedRankingImagesView.swift */,
				9A9A4DA2279C3118008236FB /* HorizontalLikeCounter.swift */,
				9A9A4DA6279C4469008236FB /* FullPostView.swift */,
				9A9A4DA8279C4626008236FB /* FullPostImagesView.swift */,
				9A9A4DAA279C462F008236FB /* FullPostCommentsView.swift */,
				9A9A4DAE279C80E8008236FB /* SignInWIthEmail.swift */,
			);
			path = Components;
			sourceTree = "<group>";
		};
		9A015EBF2795FF3D00F97DCE /* Extension */ = {
			isa = PBXGroup;
			children = (
				9A015EC02795FF4A00F97DCE /* CodableBundleExtension.swift */,
			);
			path = Extension;
			sourceTree = "<group>";
		};
/* End PBXGroup section */

/* Begin PBXNativeTarget section */
		9A015E812795D87600F97DCE /* Lists */ = {
			isa = PBXNativeTarget;
			buildConfigurationList = 9A015E902795D87900F97DCE /* Build configuration list for PBXNativeTarget "Lists" */;
			buildPhases = (
				9A015E7E2795D87600F97DCE /* Sources */,
				9A015E7F2795D87600F97DCE /* Frameworks */,
				9A015E802795D87600F97DCE /* Resources */,
			);
			buildRules = (
			);
			dependencies = (
			);
			name = Lists;
			productName = Lists;
			productReference = 9A015E822795D87600F97DCE /* Lists.app */;
			productType = "com.apple.product-type.application";
		};
/* End PBXNativeTarget section */

/* Begin PBXProject section */
		9A015E7A2795D87600F97DCE /* Project object */ = {
			isa = PBXProject;
			attributes = {
				BuildIndependentTargetsInParallel = 1;
				LastSwiftUpdateCheck = 1320;
				LastUpgradeCheck = 1320;
				TargetAttributes = {
					9A015E812795D87600F97DCE = {
						CreatedOnToolsVersion = 13.2.1;
					};
				};
			};
			buildConfigurationList = 9A015E7D2795D87600F97DCE /* Build configuration list for PBXProject "Lists" */;
			compatibilityVersion = "Xcode 13.0";
			developmentRegion = en;
			hasScannedForEncodings = 0;
			knownRegions = (
				en,
				Base,
			);
			mainGroup = 9A015E792795D87600F97DCE;
			productRefGroup = 9A015E832795D87600F97DCE /* Products */;
			projectDirPath = "";
			projectRoot = "";
			targets = (
				9A015E812795D87600F97DCE /* Lists */,
			);
		};
/* End PBXProject section */

/* Begin PBXResourcesBuildPhase section */
		9A015E802795D87600F97DCE /* Resources */ = {
			isa = PBXResourcesBuildPhase;
			buildActionMask = 2147483647;
			files = (
				9AD23F3D279642A10006352B /* discover.json in Resources */,
				9AD23F37279621D90006352B /* profiles.json in Resources */,
				9A015E8D2795D87900F97DCE /* Preview Assets.xcassets in Resources */,
				9A015E8A2795D87900F97DCE /* Assets.xcassets in Resources */,
			);
			runOnlyForDeploymentPostprocessing = 0;
		};
/* End PBXResourcesBuildPhase section */

/* Begin PBXSourcesBuildPhase section */
		9A015E7E2795D87600F97DCE /* Sources */ = {
			isa = PBXSourcesBuildPhase;
			buildActionMask = 2147483647;
			files = (
				9AD23F3B2796414D0006352B /* LikeableRankingView.swift in Sources */,
				9AD23F4927975AC10006352B /* MainRankingView.swift in Sources */,
				9A9A4DA9279C4626008236FB /* FullPostImagesView.swift in Sources */,
				9A9A4DAF279C80E8008236FB /* SignInWIthEmail.swift in Sources */,
				9A015EB62795EA3D00F97DCE /* RankableSingleImageView.swift in Sources */,
				9AD23F412796EB7F0006352B /* CommentsView.swift in Sources */,
				9A015EC327961CED00F97DCE /* ProfileHeadingView.swift in Sources */,
				9A015E882795D87600F97DCE /* ContentView.swift in Sources */,
				9AD23F352796218C0006352B /* Profile.swift in Sources */,
				9AD23F432796EEC10006352B /* CommentListView.swift in Sources */,
				9A015EAC2795E4BB00F97DCE /* RankingView.swift in Sources */,
				9AD23F4F27975BE70006352B /* ExpandedRankingView.swift in Sources */,
				9AD23F51279779660006352B /* ExpandedRankingImagesView.swift in Sources */,
				9AD23F4727974D150006352B /* CreatePostView.swift in Sources */,
				9AD23F33279620D50006352B /* ProfileRankingFooterView.swift in Sources */,
				9A015EAE2795E52200F97DCE /* RankingHeaderView.swift in Sources */,
				9A015EB02795E53500F97DCE /* RankingImagesView.swift in Sources */,
				9AD23F45279709D40006352B /* Comment.swift in Sources */,
				9A015EBA2795F32F00F97DCE /* OtherUsersCircleView.swift in Sources */,
				9AD23F31279620CB0006352B /* ProfileRankingImageView.swift in Sources */,
				9AD23F39279630A10006352B /* Constant.swift in Sources */,
				9A015EA02795D95E00F97DCE /* ProfileView.swift in Sources */,
				9A015EB42795E99E00F97DCE /* Rankable.swift in Sources */,
				9A9A4DA7279C4469008236FB /* FullPostView.swift in Sources */,
				9A9A4DAB279C462F008236FB /* FullPostCommentsView.swift in Sources */,
				9A015E862795D87600F97DCE /* ListsApp.swift in Sources */,
				9AD23F2D2796206E0006352B /* ProfileRankingView.swift in Sources */,
				9A015EC12795FF4A00F97DCE /* CodableBundleExtension.swift in Sources */,
				9A9A4DA3279C3118008236FB /* HorizontalLikeCounter.swift in Sources */,
				9A015EA42795D96C00F97DCE /* DiscoverView.swift in Sources */,
				9A015EBE2795FDA800F97DCE /* Post.swift in Sources */,
				9A015EA22795D96500F97DCE /* FeedView.swift in Sources */,
				9AD23F2F279620B90006352B /* ProfileRankingHeaderView.swift in Sources */,
				9A015E992795D8EB00F97DCE /* AuthenticationView.swift in Sources */,
				9A015EB22795E53E00F97DCE /* RankingFooterView.swift in Sources */,
				9A015EA82795E0CB00F97DCE /* HeaderView.swift in Sources */,
				9AD23F3F279645220006352B /* VerticalLikeCounter.swift in Sources */,
			);
			runOnlyForDeploymentPostprocessing = 0;
		};
/* End PBXSourcesBuildPhase section */

/* Begin XCBuildConfiguration section */
		9A015E8E2795D87900F97DCE /* Debug */ = {
			isa = XCBuildConfiguration;
			buildSettings = {
				ALWAYS_SEARCH_USER_PATHS = NO;
				CLANG_ANALYZER_NONNULL = YES;
				CLANG_ANALYZER_NUMBER_OBJECT_CONVERSION = YES_AGGRESSIVE;
				CLANG_CXX_LANGUAGE_STANDARD = "gnu++17";
				CLANG_CXX_LIBRARY = "libc++";
				CLANG_ENABLE_MODULES = YES;
				CLANG_ENABLE_OBJC_ARC = YES;
				CLANG_ENABLE_OBJC_WEAK = YES;
				CLANG_WARN_BLOCK_CAPTURE_AUTORELEASING = YES;
				CLANG_WARN_BOOL_CONVERSION = YES;
				CLANG_WARN_COMMA = YES;
				CLANG_WARN_CONSTANT_CONVERSION = YES;
				CLANG_WARN_DEPRECATED_OBJC_IMPLEMENTATIONS = YES;
				CLANG_WARN_DIRECT_OBJC_ISA_USAGE = YES_ERROR;
				CLANG_WARN_DOCUMENTATION_COMMENTS = YES;
				CLANG_WARN_EMPTY_BODY = YES;
				CLANG_WARN_ENUM_CONVERSION = YES;
				CLANG_WARN_INFINITE_RECURSION = YES;
				CLANG_WARN_INT_CONVERSION = YES;
				CLANG_WARN_NON_LITERAL_NULL_CONVERSION = YES;
				CLANG_WARN_OBJC_IMPLICIT_RETAIN_SELF = YES;
				CLANG_WARN_OBJC_LITERAL_CONVERSION = YES;
				CLANG_WARN_OBJC_ROOT_CLASS = YES_ERROR;
				CLANG_WARN_QUOTED_INCLUDE_IN_FRAMEWORK_HEADER = YES;
				CLANG_WARN_RANGE_LOOP_ANALYSIS = YES;
				CLANG_WARN_STRICT_PROTOTYPES = YES;
				CLANG_WARN_SUSPICIOUS_MOVE = YES;
				CLANG_WARN_UNGUARDED_AVAILABILITY = YES_AGGRESSIVE;
				CLANG_WARN_UNREACHABLE_CODE = YES;
				CLANG_WARN__DUPLICATE_METHOD_MATCH = YES;
				COPY_PHASE_STRIP = NO;
				DEBUG_INFORMATION_FORMAT = dwarf;
				ENABLE_STRICT_OBJC_MSGSEND = YES;
				ENABLE_TESTABILITY = YES;
				GCC_C_LANGUAGE_STANDARD = gnu11;
				GCC_DYNAMIC_NO_PIC = NO;
				GCC_NO_COMMON_BLOCKS = YES;
				GCC_OPTIMIZATION_LEVEL = 0;
				GCC_PREPROCESSOR_DEFINITIONS = (
					"DEBUG=1",
					"$(inherited)",
				);
				GCC_WARN_64_TO_32_BIT_CONVERSION = YES;
				GCC_WARN_ABOUT_RETURN_TYPE = YES_ERROR;
				GCC_WARN_UNDECLARED_SELECTOR = YES;
				GCC_WARN_UNINITIALIZED_AUTOS = YES_AGGRESSIVE;
				GCC_WARN_UNUSED_FUNCTION = YES;
				GCC_WARN_UNUSED_VARIABLE = YES;
				IPHONEOS_DEPLOYMENT_TARGET = 15.2;
				MTL_ENABLE_DEBUG_INFO = INCLUDE_SOURCE;
				MTL_FAST_MATH = YES;
				ONLY_ACTIVE_ARCH = YES;
				SDKROOT = iphoneos;
				SWIFT_ACTIVE_COMPILATION_CONDITIONS = DEBUG;
				SWIFT_OPTIMIZATION_LEVEL = "-Onone";
			};
			name = Debug;
		};
		9A015E8F2795D87900F97DCE /* Release */ = {
			isa = XCBuildConfiguration;
			buildSettings = {
				ALWAYS_SEARCH_USER_PATHS = NO;
				CLANG_ANALYZER_NONNULL = YES;
				CLANG_ANALYZER_NUMBER_OBJECT_CONVERSION = YES_AGGRESSIVE;
				CLANG_CXX_LANGUAGE_STANDARD = "gnu++17";
				CLANG_CXX_LIBRARY = "libc++";
				CLANG_ENABLE_MODULES = YES;
				CLANG_ENABLE_OBJC_ARC = YES;
				CLANG_ENABLE_OBJC_WEAK = YES;
				CLANG_WARN_BLOCK_CAPTURE_AUTORELEASING = YES;
				CLANG_WARN_BOOL_CONVERSION = YES;
				CLANG_WARN_COMMA = YES;
				CLANG_WARN_CONSTANT_CONVERSION = YES;
				CLANG_WARN_DEPRECATED_OBJC_IMPLEMENTATIONS = YES;
				CLANG_WARN_DIRECT_OBJC_ISA_USAGE = YES_ERROR;
				CLANG_WARN_DOCUMENTATION_COMMENTS = YES;
				CLANG_WARN_EMPTY_BODY = YES;
				CLANG_WARN_ENUM_CONVERSION = YES;
				CLANG_WARN_INFINITE_RECURSION = YES;
				CLANG_WARN_INT_CONVERSION = YES;
				CLANG_WARN_NON_LITERAL_NULL_CONVERSION = YES;
				CLANG_WARN_OBJC_IMPLICIT_RETAIN_SELF = YES;
				CLANG_WARN_OBJC_LITERAL_CONVERSION = YES;
				CLANG_WARN_OBJC_ROOT_CLASS = YES_ERROR;
				CLANG_WARN_QUOTED_INCLUDE_IN_FRAMEWORK_HEADER = YES;
				CLANG_WARN_RANGE_LOOP_ANALYSIS = YES;
				CLANG_WARN_STRICT_PROTOTYPES = YES;
				CLANG_WARN_SUSPICIOUS_MOVE = YES;
				CLANG_WARN_UNGUARDED_AVAILABILITY = YES_AGGRESSIVE;
				CLANG_WARN_UNREACHABLE_CODE = YES;
				CLANG_WARN__DUPLICATE_METHOD_MATCH = YES;
				COPY_PHASE_STRIP = NO;
				DEBUG_INFORMATION_FORMAT = "dwarf-with-dsym";
				ENABLE_NS_ASSERTIONS = NO;
				ENABLE_STRICT_OBJC_MSGSEND = YES;
				GCC_C_LANGUAGE_STANDARD = gnu11;
				GCC_NO_COMMON_BLOCKS = YES;
				GCC_WARN_64_TO_32_BIT_CONVERSION = YES;
				GCC_WARN_ABOUT_RETURN_TYPE = YES_ERROR;
				GCC_WARN_UNDECLARED_SELECTOR = YES;
				GCC_WARN_UNINITIALIZED_AUTOS = YES_AGGRESSIVE;
				GCC_WARN_UNUSED_FUNCTION = YES;
				GCC_WARN_UNUSED_VARIABLE = YES;
				IPHONEOS_DEPLOYMENT_TARGET = 15.2;
				MTL_ENABLE_DEBUG_INFO = NO;
				MTL_FAST_MATH = YES;
				SDKROOT = iphoneos;
				SWIFT_COMPILATION_MODE = wholemodule;
				SWIFT_OPTIMIZATION_LEVEL = "-O";
				VALIDATE_PRODUCT = YES;
			};
			name = Release;
		};
		9A015E912795D87900F97DCE /* Debug */ = {
			isa = XCBuildConfiguration;
			buildSettings = {
				ASSETCATALOG_COMPILER_APPICON_NAME = AppIcon;
				ASSETCATALOG_COMPILER_GLOBAL_ACCENT_COLOR_NAME = AccentColor;
				CODE_SIGN_STYLE = Automatic;
				CURRENT_PROJECT_VERSION = 1;
				DEVELOPMENT_ASSET_PATHS = "\"Lists/Preview Content\"";
				DEVELOPMENT_TEAM = 32GNF43U3H;
				ENABLE_PREVIEWS = YES;
				GENERATE_INFOPLIST_FILE = YES;
				INFOPLIST_KEY_UIApplicationSceneManifest_Generation = YES;
				INFOPLIST_KEY_UIApplicationSupportsIndirectInputEvents = YES;
				INFOPLIST_KEY_UILaunchScreen_Generation = YES;
				INFOPLIST_KEY_UISupportedInterfaceOrientations_iPad = "UIInterfaceOrientationPortrait UIInterfaceOrientationPortraitUpsideDown UIInterfaceOrientationLandscapeLeft UIInterfaceOrientationLandscapeRight";
				INFOPLIST_KEY_UISupportedInterfaceOrientations_iPhone = "UIInterfaceOrientationPortrait UIInterfaceOrientationLandscapeLeft UIInterfaceOrientationLandscapeRight";
				LD_RUNPATH_SEARCH_PATHS = (
					"$(inherited)",
					"@executable_path/Frameworks",
				);
				MARKETING_VERSION = 1.0;
				PRODUCT_BUNDLE_IDENTIFIER = Trident.Lists;
				PRODUCT_NAME = "$(TARGET_NAME)";
				SWIFT_EMIT_LOC_STRINGS = YES;
				SWIFT_VERSION = 5.0;
				TARGETED_DEVICE_FAMILY = "1,2";
			};
			name = Debug;
		};
		9A015E922795D87900F97DCE /* Release */ = {
			isa = XCBuildConfiguration;
			buildSettings = {
				ASSETCATALOG_COMPILER_APPICON_NAME = AppIcon;
				ASSETCATALOG_COMPILER_GLOBAL_ACCENT_COLOR_NAME = AccentColor;
				CODE_SIGN_STYLE = Automatic;
				CURRENT_PROJECT_VERSION = 1;
				DEVELOPMENT_ASSET_PATHS = "\"Lists/Preview Content\"";
				DEVELOPMENT_TEAM = 32GNF43U3H;
				ENABLE_PREVIEWS = YES;
				GENERATE_INFOPLIST_FILE = YES;
				INFOPLIST_KEY_UIApplicationSceneManifest_Generation = YES;
				INFOPLIST_KEY_UIApplicationSupportsIndirectInputEvents = YES;
				INFOPLIST_KEY_UILaunchScreen_Generation = YES;
				INFOPLIST_KEY_UISupportedInterfaceOrientations_iPad = "UIInterfaceOrientationPortrait UIInterfaceOrientationPortraitUpsideDown UIInterfaceOrientationLandscapeLeft UIInterfaceOrientationLandscapeRight";
				INFOPLIST_KEY_UISupportedInterfaceOrientations_iPhone = "UIInterfaceOrientationPortrait UIInterfaceOrientationLandscapeLeft UIInterfaceOrientationLandscapeRight";
				LD_RUNPATH_SEARCH_PATHS = (
					"$(inherited)",
					"@executable_path/Frameworks",
				);
				MARKETING_VERSION = 1.0;
				PRODUCT_BUNDLE_IDENTIFIER = Trident.Lists;
				PRODUCT_NAME = "$(TARGET_NAME)";
				SWIFT_EMIT_LOC_STRINGS = YES;
				SWIFT_VERSION = 5.0;
				TARGETED_DEVICE_FAMILY = "1,2";
			};
			name = Release;
		};
/* End XCBuildConfiguration section */

/* Begin XCConfigurationList section */
		9A015E7D2795D87600F97DCE /* Build configuration list for PBXProject "Lists" */ = {
			isa = XCConfigurationList;
			buildConfigurations = (
				9A015E8E2795D87900F97DCE /* Debug */,
				9A015E8F2795D87900F97DCE /* Release */,
			);
			defaultConfigurationIsVisible = 0;
			defaultConfigurationName = Release;
		};
		9A015E902795D87900F97DCE /* Build configuration list for PBXNativeTarget "Lists" */ = {
			isa = XCConfigurationList;
			buildConfigurations = (
				9A015E912795D87900F97DCE /* Debug */,
				9A015E922795D87900F97DCE /* Release */,
			);
			defaultConfigurationIsVisible = 0;
			defaultConfigurationName = Release;
		};
/* End XCConfigurationList section */
	};
	rootObject = 9A015E7A2795D87600F97DCE /* Project object */;
}
